<?xml version="1.0" encoding="UTF-8" standalone="yes" ?>
<CodeBlocks_project_file>
	<FileVersion major="1" minor="6" />
	<Project>
		<Option title="dunelegacy" />
		<Option pch_mode="2" />
		<Option compiler="gcc" />
		<Build>
			<Target title="Release">
				<Option output="../../data/dunelegacy" prefix_auto="1" extension_auto="1" />
				<Option working_dir="../../data/" />
				<Option object_output="obj/Release/" />
				<Option type="0" />
				<Option compiler="gcc" />
				<Compiler>
					<Add option="-O3" />
				</Compiler>
				<Linker>
					<Add option="-s" />
					<Add option="-static-libgcc" />
				</Linker>
			</Target>
		</Build>
		<Compiler>
			<Add option="-O3" />
			<Add option="-Wall" />
			<Add option="`sdl-config --cflags`" />
			<Add directory="../../include" />
		</Compiler>
		<Linker>
			<Add library="SDL_mixer" />
			<Add library="C:/Programme/CodeBlocks/MinGW/lib/libmingw32.a" />
			<Add library="C:/Programme/CodeBlocks/MinGW/lib/libSDLmain.a" />
			<Add library="C:/Programme/CodeBlocks/MinGW/lib/libSDL.dll.a" />
		</Linker>
		<Unit filename="../../include/AStarSearch.h" />
		<Unit filename="../../include/BulletClass.h" />
		<Unit filename="../../include/Choam.h" />
		<Unit filename="../../include/Command.h" />
		<Unit filename="../../include/CommandManager.h" />
		<Unit filename="../../include/ConcatIterator.h" />
		<Unit filename="../../include/CutScenes/CrossBlendVideoEvent.h" />
		<Unit filename="../../include/CutScenes/CutScene.h" />
		<Unit filename="../../include/CutScenes/CutSceneMusicTrigger.h" />
		<Unit filename="../../include/CutScenes/CutSceneSoundTrigger.h" />
		<Unit filename="../../include/CutScenes/CutSceneTrigger.h" />
		<Unit filename="../../include/CutScenes/FadeInVideoEvent.h" />
		<Unit filename="../../include/CutScenes/FadeOutVideoEvent.h" />
		<Unit filename="../../include/CutScenes/Finale.h" />
		<Unit filename="../../include/CutScenes/HoldPictureVideoEvent.h" />
		<Unit filename="../../include/CutScenes/Intro.h" />
		<Unit filename="../../include/CutScenes/Meanwhile.h" />
		<Unit filename="../../include/CutScenes/Scene.h" />
		<Unit filename="../../include/CutScenes/TextEvent.h" />
		<Unit filename="../../include/CutScenes/VideoEvent.h" />
		<Unit filename="../../include/CutScenes/WSAVideoEvent.h" />
		<Unit filename="../../include/DataTypes.h" />
		<Unit filename="../../include/Definitions.h" />
		<Unit filename="../../include/Explosion.h" />
		<Unit filename="../../include/FileClasses/Animation.h" />
		<Unit filename="../../include/FileClasses/BriefingText.h" />
		<Unit filename="../../include/FileClasses/Cpsfile.h" />
		<Unit filename="../../include/FileClasses/Decode.h" />
		<Unit filename="../../include/FileClasses/FileManager.h" />
		<Unit filename="../../include/FileClasses/Fntfile.h" />
		<Unit filename="../../include/FileClasses/Font.h" />
		<Unit filename="../../include/FileClasses/FontManager.h" />
		<Unit filename="../../include/FileClasses/GFXManager.h" />
		<Unit filename="../../include/FileClasses/INIFile.h" />
		<Unit filename="../../include/FileClasses/Icnfile.h" />
		<Unit filename="../../include/FileClasses/IndexedTextFile.h" />
		<Unit filename="../../include/FileClasses/Pakfile.h" />
		<Unit filename="../../include/FileClasses/Palette.h" />
		<Unit filename="../../include/FileClasses/Palfile.h" />
		<Unit filename="../../include/FileClasses/PictureFactory.h" />
		<Unit filename="../../include/FileClasses/PictureFont.h" />
		<Unit filename="../../include/FileClasses/SFXManager.h" />
		<Unit filename="../../include/FileClasses/SaveWAV.h" />
		<Unit filename="../../include/FileClasses/Shpfile.h" />
		<Unit filename="../../include/FileClasses/TextManager.h" />
		<Unit filename="../../include/FileClasses/Vocfile.h" />
		<Unit filename="../../include/FileClasses/Wsafile.h" />
		<Unit filename="../../include/FileClasses/adl/fmopl.h" />
		<Unit filename="../../include/FileClasses/adl/opl_dosbox.h" />
		<Unit filename="../../include/FileClasses/adl/opl_impl.h" />
		<Unit filename="../../include/FileClasses/adl/opl_inc.h" />
		<Unit filename="../../include/FileClasses/adl/opl_mame.h" />
		<Unit filename="../../include/FileClasses/adl/sound_adlib.h" />
		<Unit filename="../../include/FileClasses/music/ADLPlayer.h" />
		<Unit filename="../../include/FileClasses/music/DirectoryPlayer.h" />
		<Unit filename="../../include/FileClasses/music/MusicPlayer.h" />
		<Unit filename="../../include/FileClasses/music/XMIPlayer.h" />
		<Unit filename="../../include/FileClasses/xmidi/databuf.h" />
		<Unit filename="../../include/FileClasses/xmidi/xmidi.h" />
		<Unit filename="../../include/GUI/Button.h" />
		<Unit filename="../../include/GUI/CallbackTarget.h" />
		<Unit filename="../../include/GUI/Checkbox.h" />
		<Unit filename="../../include/GUI/ClickMap.h" />
		<Unit filename="../../include/GUI/Container.h" />
		<Unit filename="../../include/GUI/DropDownBox.h" />
		<Unit filename="../../include/GUI/GUIStyle.h" />
		<Unit filename="../../include/GUI/HBox.h" />
		<Unit filename="../../include/GUI/InvisibleButton.h" />
		<Unit filename="../../include/GUI/Label.h" />
		<Unit filename="../../include/GUI/ListBox.h" />
		<Unit filename="../../include/GUI/MessageBox.h" />
		<Unit filename="../../include/GUI/MethodPointer.h" />
		<Unit filename="../../include/GUI/ObjectInterfaces/BuilderInterface.h" />
		<Unit filename="../../include/GUI/ObjectInterfaces/DefaultObjectInterface.h" />
		<Unit filename="../../include/GUI/ObjectInterfaces/DefaultStructureInterface.h" />
		<Unit filename="../../include/GUI/ObjectInterfaces/MultiUnitInterface.h" />
		<Unit filename="../../include/GUI/ObjectInterfaces/ObjectInterface.h" />
		<Unit filename="../../include/GUI/ObjectInterfaces/PalaceInterface.h" />
		<Unit filename="../../include/GUI/ObjectInterfaces/RefineryAndSiloInterface.h" />
		<Unit filename="../../include/GUI/ObjectInterfaces/RepairYardInterface.h" />
		<Unit filename="../../include/GUI/ObjectInterfaces/UnitInterface.h" />
		<Unit filename="../../include/GUI/ObjectInterfaces/WindTrapInterface.h" />
		<Unit filename="../../include/GUI/PictureButton.h" />
		<Unit filename="../../include/GUI/PictureLabel.h" />
		<Unit filename="../../include/GUI/ProgressBar.h" />
		<Unit filename="../../include/GUI/ScrollBar.h" />
		<Unit filename="../../include/GUI/Spacer.h" />
		<Unit filename="../../include/GUI/StaticContainer.h" />
		<Unit filename="../../include/GUI/SymbolButton.h" />
		<Unit filename="../../include/GUI/TextBox.h" />
		<Unit filename="../../include/GUI/TextButton.h" />
		<Unit filename="../../include/GUI/VBox.h" />
		<Unit filename="../../include/GUI/Widget.h" />
		<Unit filename="../../include/GUI/Window.h" />
		<Unit filename="../../include/GUI/dune/AnimationLabel.h" />
		<Unit filename="../../include/GUI/dune/BuilderList.h" />
		<Unit filename="../../include/GUI/dune/ChatManager.h" />
		<Unit filename="../../include/GUI/dune/DigitsCounter.h" />
		<Unit filename="../../include/GUI/dune/DuneStyle.h" />
		<Unit filename="../../include/GUI/dune/InGameMenu.h" />
		<Unit filename="../../include/GUI/dune/InGameSettingsMenu.h" />
		<Unit filename="../../include/GUI/dune/LoadSaveWindow.h" />
		<Unit filename="../../include/GUI/dune/MessageTicker.h" />
		<Unit filename="../../include/GUI/dune/NewsTicker.h" />
		<Unit filename="../../include/Game.h" />
		<Unit filename="../../include/GameINILoader.h" />
		<Unit filename="../../include/GameInitSettings.h" />
		<Unit filename="../../include/GameInterface.h" />
		<Unit filename="../../include/House.h" />
		<Unit filename="../../include/MapClass.h" />
		<Unit filename="../../include/MapEditor.h" />
		<Unit filename="../../include/MapGenerator.h" />
		<Unit filename="../../include/MapSeed.h" />
		<Unit filename="../../include/Menu/AboutMenu.h" />
		<Unit filename="../../include/Menu/BriefingMenu.h" />
		<Unit filename="../../include/Menu/CustomGameMenu.h" />
		<Unit filename="../../include/Menu/CustomGamePlayers.h" />
		<Unit filename="../../include/Menu/GameStatsMenu.h" />
		<Unit filename="../../include/Menu/HouseChoiceInfoMenu.h" />
		<Unit filename="../../include/Menu/HouseChoiceMenu.h" />
		<Unit filename="../../include/Menu/MainMenu.h" />
		<Unit filename="../../include/Menu/MapChoice.h" />
		<Unit filename="../../include/Menu/MentatHelp.h" />
		<Unit filename="../../include/Menu/MentatMenu.h" />
		<Unit filename="../../include/Menu/MenuClass.h" />
		<Unit filename="../../include/Menu/OptionsMenu.h" />
		<Unit filename="../../include/Menu/SinglePlayerMenu.h" />
		<Unit filename="../../include/Menu/SinglePlayerSkirmishMenu.h" />
		<Unit filename="../../include/ObjectClass.h" />
		<Unit filename="../../include/ObjectData.h" />
		<Unit filename="../../include/ObjectManager.h" />
		<Unit filename="../../include/ObjectPointer.h" />
		<Unit filename="../../include/RadarView.h" />
		<Unit filename="../../include/ScreenBorder.h" />
		<Unit filename="../../include/SoundPlayer.h" />
		<Unit filename="../../include/TerrainClass.h" />
		<Unit filename="../../include/Trigger/ReinforcementTrigger.h" />
		<Unit filename="../../include/Trigger/TimeoutTrigger.h" />
		<Unit filename="../../include/Trigger/Trigger.h" />
		<Unit filename="../../include/Trigger/TriggerManager.h" />
		<Unit filename="../../include/config.h" />
		<Unit filename="../../include/data.h" />
		<Unit filename="../../include/globals.h" />
		<Unit filename="../../include/main.h" />
		<Unit filename="../../include/misc/BlendBlitter.h" />
		<Unit filename="../../include/misc/FileStream.h" />
		<Unit filename="../../include/misc/FileSystem.h" />
		<Unit filename="../../include/misc/MemoryStream.h" />
		<Unit filename="../../include/misc/Random.h" />
		<Unit filename="../../include/misc/RobustList.h" />
		<Unit filename="../../include/misc/Stream.h" />
		<Unit filename="../../include/misc/draw_util.h" />
		<Unit filename="../../include/misc/fnkdat.h" />
		<Unit filename="../../include/misc/md5.h" />
		<Unit filename="../../include/misc/memory.h" />
		<Unit filename="../../include/misc/sound_util.h" />
		<Unit filename="../../include/misc/string_util.h" />
		<Unit filename="../../include/mmath.h" />
		<Unit filename="../../include/players/AIPlayer.h" />
		<Unit filename="../../include/players/HumanPlayer.h" />
		<Unit filename="../../include/players/Player.h" />
		<Unit filename="../../include/sand.h" />
		<Unit filename="../../include/structures/BarracksClass.h" />
		<Unit filename="../../include/structures/BuilderClass.h" />
		<Unit filename="../../include/structures/ConstructionYardClass.h" />
		<Unit filename="../../include/structures/GunTurretClass.h" />
		<Unit filename="../../include/structures/HeavyFactoryClass.h" />
		<Unit filename="../../include/structures/HighTechFactoryClass.h" />
		<Unit filename="../../include/structures/IXClass.h" />
		<Unit filename="../../include/structures/LightFactoryClass.h" />
		<Unit filename="../../include/structures/PalaceClass.h" />
		<Unit filename="../../include/structures/RadarClass.h" />
		<Unit filename="../../include/structures/RefineryClass.h" />
		<Unit filename="../../include/structures/RepairYardClass.h" />
		<Unit filename="../../include/structures/RocketTurretClass.h" />
		<Unit filename="../../include/structures/SiloClass.h" />
		<Unit filename="../../include/structures/StarPortClass.h" />
		<Unit filename="../../include/structures/StructureClass.h" />
		<Unit filename="../../include/structures/TurretClass.h" />
		<Unit filename="../../include/structures/WORClass.h" />
		<Unit filename="../../include/structures/WallClass.h" />
		<Unit filename="../../include/structures/WindTrapClass.h" />
		<Unit filename="../../include/units/AirUnit.h" />
		<Unit filename="../../include/units/Carryall.h" />
		<Unit filename="../../include/units/DevastatorClass.h" />
		<Unit filename="../../include/units/DeviatorClass.h" />
		<Unit filename="../../include/units/FremenClass.h" />
		<Unit filename="../../include/units/Frigate.h" />
		<Unit filename="../../include/units/GroundUnit.h" />
		<Unit filename="../../include/units/HarvesterClass.h" />
		<Unit filename="../../include/units/InfantryClass.h" />
		<Unit filename="../../include/units/LauncherClass.h" />
		<Unit filename="../../include/units/MCVClass.h" />
		<Unit filename="../../include/units/Ornithopter.h" />
		<Unit filename="../../include/units/QuadClass.h" />
		<Unit filename="../../include/units/RaiderClass.h" />
		<Unit filename="../../include/units/Saboteur.h" />
		<Unit filename="../../include/units/SandWorm.h" />
		<Unit filename="../../include/units/SardaukarClass.h" />
		<Unit filename="../../include/units/SiegeTankClass.h" />
		<Unit filename="../../include/units/SoldierClass.h" />
		<Unit filename="../../include/units/SonicTankClass.h" />
		<Unit filename="../../include/units/TankBaseClass.h" />
		<Unit filename="../../include/units/TankClass.h" />
		<Unit filename="../../include/units/TrackedUnit.h" />
		<Unit filename="../../include/units/TrikeClass.h" />
		<Unit filename="../../include/units/TrooperClass.h" />
		<Unit filename="../../include/units/UnitClass.h" />
		<Unit filename="../../resource.rc" />
		<Unit filename="../../src/AStarSearch.cpp" />
		<Unit filename="../../src/BulletClass.cpp" />
		<Unit filename="../../src/Choam.cpp" />
		<Unit filename="../../src/Command.cpp" />
		<Unit filename="../../src/CommandManager.cpp" />
		<Unit filename="../../src/CutScenes/CrossBlendVideoEvent.cpp" />
		<Unit filename="../../src/CutScenes/CutScene.cpp" />
		<Unit filename="../../src/CutScenes/CutSceneTrigger.cpp" />
		<Unit filename="../../src/CutScenes/FadeInVideoEvent.cpp" />
		<Unit filename="../../src/CutScenes/FadeOutVideoEvent.cpp" />
		<Unit filename="../../src/CutScenes/Finale.cpp" />
		<Unit filename="../../src/CutScenes/HoldPictureVideoEvent.cpp" />
		<Unit filename="../../src/CutScenes/Intro.cpp" />
		<Unit filename="../../src/CutScenes/Meanwhile.cpp" />
		<Unit filename="../../src/CutScenes/Scene.cpp" />
		<Unit filename="../../src/CutScenes/TextEvent.cpp" />
		<Unit filename="../../src/CutScenes/VideoEvent.cpp" />
		<Unit filename="../../src/CutScenes/WSAVideoEvent.cpp" />
		<Unit filename="../../src/Explosion.cpp" />
		<Unit filename="../../src/FileClasses/Animation.cpp" />
		<Unit filename="../../src/FileClasses/BriefingText.cpp" />
		<Unit filename="../../src/FileClasses/Cpsfile.cpp" />
		<Unit filename="../../src/FileClasses/Decode.cpp" />
		<Unit filename="../../src/FileClasses/FileManager.cpp" />
		<Unit filename="../../src/FileClasses/Fntfile.cpp" />
		<Unit filename="../../src/FileClasses/FontManager.cpp" />
		<Unit filename="../../src/FileClasses/GFXManager.cpp" />
		<Unit filename="../../src/FileClasses/INIFile.cpp" />
		<Unit filename="../../src/FileClasses/Icnfile.cpp" />
		<Unit filename="../../src/FileClasses/IndexedTextFile.cpp" />
		<Unit filename="../../src/FileClasses/Pakfile.cpp" />
		<Unit filename="../../src/FileClasses/Palfile.cpp" />
		<Unit filename="../../src/FileClasses/PictureFactory.cpp" />
		<Unit filename="../../src/FileClasses/PictureFont.cpp" />
		<Unit filename="../../src/FileClasses/SFXManager.cpp" />
		<Unit filename="../../src/FileClasses/SaveWAV.cpp" />
		<Unit filename="../../src/FileClasses/Shpfile.cpp" />
		<Unit filename="../../src/FileClasses/TextManager.cpp" />
		<Unit filename="../../src/FileClasses/Vocfile.cpp" />
		<Unit filename="../../src/FileClasses/Wsafile.cpp" />
		<Unit filename="../../src/FileClasses/adl/fmopl.cpp" />
		<Unit filename="../../src/FileClasses/adl/opl_dosbox.cpp" />
		<Unit filename="../../src/FileClasses/adl/opl_mame.cpp" />
		<Unit filename="../../src/FileClasses/adl/sound_adlib.cpp" />
		<Unit filename="../../src/FileClasses/music/ADLPlayer.cpp" />
		<Unit filename="../../src/FileClasses/music/DirectoryPlayer.cpp" />
		<Unit filename="../../src/FileClasses/music/XMIPlayer.cpp" />
		<Unit filename="../../src/FileClasses/xmidi/xmidi.cpp" />
		<Unit filename="../../src/GUI/Button.cpp" />
		<Unit filename="../../src/GUI/DropDownBox.cpp" />
		<Unit filename="../../src/GUI/GUIStyle.cpp" />
		<Unit filename="../../src/GUI/ListBox.cpp" />
		<Unit filename="../../src/GUI/ScrollBar.cpp" />
		<Unit filename="../../src/GUI/Widget.cpp" />
		<Unit filename="../../src/GUI/Window.cpp" />
		<Unit filename="../../src/GUI/dune/BuilderList.cpp" />
		<Unit filename="../../src/GUI/dune/ChatManager.cpp" />
		<Unit filename="../../src/GUI/dune/DuneStyle.cpp" />
		<Unit filename="../../src/GUI/dune/InGameMenu.cpp" />
		<Unit filename="../../src/GUI/dune/InGameSettingsMenu.cpp" />
		<Unit filename="../../src/GUI/dune/LoadSaveWindow.cpp" />
		<Unit filename="../../src/GUI/dune/MessageTicker.cpp" />
		<Unit filename="../../src/GUI/dune/NewsTicker.cpp" />
		<Unit filename="../../src/Game.cpp" />
		<Unit filename="../../src/GameINILoader.cpp" />
		<Unit filename="../../src/GameInitSettings.cpp" />
		<Unit filename="../../src/GameInterface.cpp" />
		<Unit filename="../../src/House.cpp" />
		<Unit filename="../../src/MapClass.cpp" />
		<Unit filename="../../src/MapEditor.cpp" />
		<Unit filename="../../src/MapGenerator.cpp" />
		<Unit filename="../../src/MapSeed.cpp" />
		<Unit filename="../../src/Menu/AboutMenu.cpp" />
		<Unit filename="../../src/Menu/BriefingMenu.cpp" />
		<Unit filename="../../src/Menu/CustomGameMenu.cpp" />
		<Unit filename="../../src/Menu/CustomGamePlayers.cpp" />
		<Unit filename="../../src/Menu/GameStatsMenu.cpp" />
		<Unit filename="../../src/Menu/HouseChoiceInfoMenu.cpp" />
		<Unit filename="../../src/Menu/HouseChoiceMenu.cpp" />
		<Unit filename="../../src/Menu/MainMenu.cpp" />
		<Unit filename="../../src/Menu/MapChoice.cpp" />
		<Unit filename="../../src/Menu/MentatHelp.cpp" />
		<Unit filename="../../src/Menu/MentatMenu.cpp" />
		<Unit filename="../../src/Menu/MenuClass.cpp" />
		<Unit filename="../../src/Menu/OptionsMenu.cpp" />
		<Unit filename="../../src/Menu/SinglePlayerMenu.cpp" />
		<Unit filename="../../src/Menu/SinglePlayerSkirmishMenu.cpp" />
		<Unit filename="../../src/ObjectClass.cpp" />
		<Unit filename="../../src/ObjectData.cpp" />
		<Unit filename="../../src/ObjectManager.cpp" />
		<Unit filename="../../src/ObjectPointer.cpp" />
		<Unit filename="../../src/RadarView.cpp" />
		<Unit filename="../../src/ScreenBorder.cpp" />
		<Unit filename="../../src/SoundPlayer.cpp" />
		<Unit filename="../../src/TerrainClass.cpp" />
		<Unit filename="../../src/Trigger/ReinforcementTrigger.cpp" />
		<Unit filename="../../src/Trigger/TimeoutTrigger.cpp" />
		<Unit filename="../../src/Trigger/TriggerManager.cpp" />
		<Unit filename="../../src/globals.cpp" />
		<Unit filename="../../src/main.cpp" />
		<Unit filename="../../src/misc/FileStream.cpp" />
		<Unit filename="../../src/misc/FileSystem.cpp" />
		<Unit filename="../../src/misc/draw_util.cpp" />
		<Unit filename="../../src/misc/fnkdat.cpp" />
		<Unit filename="../../src/misc/md5.cpp" />
		<Unit filename="../../src/misc/sound_util.cpp" />
		<Unit filename="../../src/misc/string_util.cpp" />
		<Unit filename="../../src/mmath.cpp" />
		<Unit filename="../../src/players/AIPlayer.cpp" />
		<Unit filename="../../src/players/HumanPlayer.cpp" />
		<Unit filename="../../src/players/Player.cpp" />
		<Unit filename="../../src/sand.cpp" />
		<Unit filename="../../src/structures/BarracksClass.cpp" />
		<Unit filename="../../src/structures/BuilderClass.cpp" />
		<Unit filename="../../src/structures/ConstructionYardClass.cpp" />
		<Unit filename="../../src/structures/GunTurretClass.cpp" />
		<Unit filename="../../src/structures/HeavyFactoryClass.cpp" />
		<Unit filename="../../src/structures/HighTechFactoryClass.cpp" />
		<Unit filename="../../src/structures/IXClass.cpp" />
		<Unit filename="../../src/structures/LightFactoryClass.cpp" />
		<Unit filename="../../src/structures/PalaceClass.cpp" />
		<Unit filename="../../src/structures/RadarClass.cpp" />
		<Unit filename="../../src/structures/RefineryClass.cpp" />
		<Unit filename="../../src/structures/RepairYardClass.cpp" />
		<Unit filename="../../src/structures/RocketTurretClass.cpp" />
		<Unit filename="../../src/structures/SiloClass.cpp" />
		<Unit filename="../../src/structures/StarPortClass.cpp" />
		<Unit filename="../../src/structures/StructureClass.cpp" />
		<Unit filename="../../src/structures/TurretClass.cpp" />
		<Unit filename="../../src/structures/WORClass.cpp" />
		<Unit filename="../../src/structures/WallClass.cpp" />
		<Unit filename="../../src/structures/WindTrapClass.cpp" />
		<Unit filename="../../src/units/AirUnit.cpp" />
		<Unit filename="../../src/units/Carryall.cpp" />
		<Unit filename="../../src/units/DevastatorClass.cpp" />
		<Unit filename="../../src/units/DeviatorClass.cpp" />
		<Unit filename="../../src/units/FremenClass.cpp" />
		<Unit filename="../../src/units/Frigate.cpp" />
		<Unit filename="../../src/units/GroundUnit.cpp" />
		<Unit filename="../../src/units/HarvesterClass.cpp" />
		<Unit filename="../../src/units/InfantryClass.cpp" />
		<Unit filename="../../src/units/LauncherClass.cpp" />
		<Unit filename="../../src/units/MCVClass.cpp" />
		<Unit filename="../../src/units/Ornithopter.cpp" />
		<Unit filename="../../src/units/QuadClass.cpp" />
		<Unit filename="../../src/units/RaiderClass.cpp" />
		<Unit filename="../../src/units/Saboteur.cpp" />
		<Unit filename="../../src/units/SandWorm.cpp" />
		<Unit filename="../../src/units/SardaukarClass.cpp" />
		<Unit filename="../../src/units/SiegeTankClass.cpp" />
		<Unit filename="../../src/units/SoldierClass.cpp" />
		<Unit filename="../../src/units/SonicTankClass.cpp" />
		<Unit filename="../../src/units/TankBaseClass.cpp" />
		<Unit filename="../../src/units/TankClass.cpp" />
		<Unit filename="../../src/units/TrackedUnit.cpp" />
		<Unit filename="../../src/units/TrikeClass.cpp" />
		<Unit filename="../../src/units/TrooperClass.cpp" />
		<Unit filename="../../src/units/UnitClass.cpp" />
		<Extensions>
			<code_completion />
			<debugger />
		</Extensions>
	</Project>
</CodeBlocks_project_file>
